github.com/BurntSushi/toml v0.3.1/go.mod h1:xHWCNGjB5oqiDr8zfno3MHue2Ht5sIBksp03qcyfWMU=
github.com/aws/aws-lambda-go v1.28.0 h1:fZiik1PZqW2IyAN4rj+Y0UBaO1IDFlsNo9Zz/XnArK4=
github.com/aws/aws-lambda-go v1.28.0/go.mod h1:jJmlefzPfGnckuHdXX7/80O3BvUUi12XOkbv4w9SGLU=
github.com/aws/aws-lambda-go v1.31.1 h1:ECZ4ECLm+watHJ+mjNK8D4gU66UVuR8MfqDKTr/Ffkc=
github.com/aws/aws-lambda-go v1.31.1/go.mod h1:IF5Q7wj4VyZyUFnZ54IQqeWtctHQ9tz+KhcbDenr220=
github.com/aws/aws-lambda-go v1.32.0 h1:i8MflawW1hoyYp85GMH7LhvAs4cqzL7LOS6fSv8l2KM=
github.com/aws/aws-lambda-go v1.32.0/go.mod h1:IF5Q7wj4VyZyUFnZ54IQqeWtctHQ9tz+KhcbDenr220=
github.com/aws/aws-lambda-go v1.33.0 h1:n4kw3zie82vPpLLN58ahlYHBz9k8QeK2svQep+jGnB8=
github.com/aws/aws-lambda-go v1.33.0/go.mod h1:jwFe2KmMsHmffA1X2R09hH6lFzJQxzI8qK17ewzbQMM=
github.com/aws/aws-sdk-go-v2 v1.11.2 h1:SDiCYqxdIYi6HgQfAWRhgdZrdnOuGyLDJVRSWLeHWvs=
github.com/aws/aws-sdk-go-v2 v1.11.2/go.mod h1:SQfA+m2ltnu1cA0soUkj4dRSsmITiVQUJvBIZjzfPyQ=
github.com/aws/aws-sdk-go-v2 v1.16.3 h1:0W1TSJ7O6OzwuEvIXAtJGvOeQ0SGAhcpxPN2/NK5EhM=
github.com/aws/aws-sdk-go-v2 v1.16.3/go.mod h1:ytwTPBG6fXTZLxxeeCCWj2/EMYp/xDUgX+OET6TLNNU=
github.com/aws/aws-sdk-go-v2 v1.16.5 h1:Ah9h1TZD9E2S1LzHpViBO3Jz9FPL5+rmflmb8hXirtI=
github.com/aws/aws-sdk-go-v2 v1.16.5/go.mod h1:Wh7MEsmEApyL5hrWzpDkba4gwAPc5/piwLVLFnCxp48=
github.com/aws/aws-sdk-go-v2 v1.16.7 h1:zfBwXus3u14OszRxGcqCDS4MfMCv10e8SMJ2r8Xm0Ns=
github.com/aws/aws-sdk-go-v2 v1.16.7/go.mod h1:6CpKuLXg2w7If3ABZCl/qZ6rEgwtjZTn4eAf4RcEyuw=
github.com/aws/aws-sdk-go-v2/aws/protocol/eventstream v1.4.3 h1:S/ZBwevQkr7gv5YxONYpGQxlMFFYSRfz3RMcjsC9Qhk=
github.com/aws/aws-sdk-go-v2/aws/protocol/eventstream v1.4.3/go.mod h1:gNsR5CaXKmQSSzrmGxmwmct/r+ZBfbxorAuXYsj/M5Y=
github.com/aws/aws-sdk-go-v2/config v1.11.1 h1:KXSjb7ZMLRtjxClFptukTYibiOqJS9NwBO+9WD3UMto=
github.com/aws/aws-sdk-go-v2/config v1.11.1/go.mod h1:VvfkzUhVtntSg1JfGFMSKS0CyiTZd3NqBxK5af4zsME=
github.com/aws/aws-sdk-go-v2/config v1.15.5 h1:P+xwhr6kabhxDTXTVH9YoHkqjLJ0wVVpIUHtFNr2hjU=
github.com/aws/aws-sdk-go-v2/config v1.15.5/go.mod h1:ZijHHh0xd/A+ZY53az0qzC5tT46kt4JVCePf2NX9Lk4=
github.com/aws/aws-sdk-go-v2/config v1.15.11 h1:qfec8AtiCqVbwMcx51G1yO2PYVfWfhp2lWkDH65V9HA=
github.com/aws/aws-sdk-go-v2/config v1.15.11/go.mod h1:mD5tNFciV7YHNjPpFYqJ6KGpoSfY107oZULvTHIxtbI=
github.com/aws/aws-sdk-go-v2/config v1.15.14 h1:+BqpqlydTq4c2et9Daury7gE+o67P4lbk7eybiCBNc4=
github.com/aws/aws-sdk-go-v2/config v1.15.14/go.mod h1:CQBv+VVv8rR5z2xE+Chdh5m+rFfsqeY4k0veEZeq6QM=
github.com/aws/aws-sdk-go-v2/credentials v1.6.5 h1:ZrsO2js2v4T95rsCIWoAb/ck5+U1kwkizGdZHY+ni3s=
github.com/aws/aws-sdk-go-v2/credentials v1.6.5/go.mod h1:HWSOnsnqVMbLcWUmom6AN1cqhcLzLJ62AObW28CbYbU=
github.com/aws/aws-sdk-go-v2/credentials v1.12.0 h1:4R/NqlcRFSkR0wxOhgHi+agGpbEr5qMCjn7VqUIJY+E=
github.com/aws/aws-sdk-go-v2/credentials v1.12.0/go.mod h1:9YWk7VW+eyKsoIL6/CljkTrNVWBSK9pkqOPUuijid4A=
github.com/aws/aws-sdk-go-v2/credentials v1.12.6 h1:No1wZFW4bcM/uF6Tzzj6IbaeQJM+xxqXOYmoObm33ws=
github.com/aws/aws-sdk-go-v2/credentials v1.12.6/go.mod h1:mQgnRmBPF2S/M01W4T4Obp3ZaZB6o1s/R8cOUda9vtI=
github.com/aws/aws-sdk-go-v2/credentials v1.12.9 h1:DloAJr0/jbvm0iVRFDFh8GlWxrOd9XKyX82U+dfVeZs=
github.com/aws/aws-sdk-go-v2/credentials v1.12.9/go.mod h1:2Vavxl1qqQXJ8MUcQZTsIEW8cwenFCWYXtLRPba3L/o=
github.com/aws/aws-sdk-go-v2/feature/dynamodb/attributevalue v1.4.5 h1:OndYhAu3k1jCFAdsgTwCZjw4ZRFFmgJloLn56gq8qgU=
github.com/aws/aws-sdk-go-v2/feature/dynamodb/attributevalue v1.4.5/go.mod h1:uHm3HmFxnQ+D4uwKElkjxw2aHVg6+zpTDvkOP1TzZTo=
github.com/aws/aws-sdk-go-v2/feature/dynamodb/attributevalue v1.9.1 h1:W5OvMA6XTRXs/voHKPOCSVyzhV07GzHKn5GKTDzjKx0=
github.com/aws/aws-sdk-go-v2/feature/dynamodb/attributevalue v1.9.1/go.mod h1:47xITY/Q+OIf25Z5Z3EbJkG2WxCllBjKxreRmJECDMI=
github.com/aws/aws-sdk-go-v2/feature/dynamodb/attributevalue v1.9.4 h1:EoyeSOfbSuKh+bQIDoZaVJjON6PF+dsSn5w1RhIpMD0=
github.com/aws/aws-sdk-go-v2/feature/dynamodb/attributevalue v1.9.4/go.mod h1:bfCL7OwZS6owS06pahfGxhcgpLWj2W1sQASoYRuenag=
github.com/aws/aws-sdk-go-v2/feature/dynamodb/attributevalue v1.9.7 h1:4AmwtytQJu+Xe4ZQ8dRcnRwjEfYEWU+Mvue3vqz+RZw=
github.com/aws/aws-sdk-go-v2/feature/dynamodb/attributevalue v1.9.7/go.mod h1:qIh4KtJ+wL5K4UcNhuLSLXxxfGrvZ3tWbsT3zSpsyjE=
github.com/aws/aws-sdk-go-v2/feature/ec2/imds v1.8.2 h1:KiN5TPOLrEjbGCvdTQR4t0U4T87vVwALZ5Bg3jpMqPY=
github.com/aws/aws-sdk-go-v2/feature/ec2/imds v1.8.2/go.mod h1:dF2F6tXEOgmW5X1ZFO/EPtWrcm7XkW07KNcJUGNtt4s=
github.com/aws/aws-sdk-go-v2/feature/ec2/imds v1.12.4 h1:FP8gquGeGHHdfY6G5llaMQDF+HAf20VKc8opRwmjf04=
github.com/aws/aws-sdk-go-v2/feature/ec2/imds v1.12.4/go.mod h1:u/s5/Z+ohUQOPXl00m2yJVyioWDECsbpXTQlaqSlufc=
github.com/aws/aws-sdk-go-v2/feature/ec2/imds v1.12.6 h1:+NZzDh/RpcQTpo9xMFUgkseIam6PC+YJbdhbQp1NOXI=
github.com/aws/aws-sdk-go-v2/feature/ec2/imds v1.12.6/go.mod h1:ClLMcuQA/wcHPmOIfNzNI4Y1Q0oDbmEkbYhMFOzHDh8=
github.com/aws/aws-sdk-go-v2/feature/ec2/imds v1.12.8 h1:VfBdn2AxwMbFyJN/lF/xuT3SakomJ86PZu3rCxb5K0s=
github.com/aws/aws-sdk-go-v2/feature/ec2/imds v1.12.8/go.mod h1:oL1Q3KuCq1D4NykQnIvtRiBGLUXhcpY5pl6QZB2XEPU=
github.com/aws/aws-sdk-go-v2/internal/configsources v1.1.2 h1:XJLnluKuUxQG255zPNe+04izXl7GSyUVafIsgfv9aw4=
github.com/aws/aws-sdk-go-v2/internal/configsources v1.1.2/go.mod h1:SgKKNBIoDC/E1ZCDhhMW3yalWjwuLjMcpLzsM/QQnWo=
github.com/aws/aws-sdk-go-v2/internal/configsources v1.1.10 h1:uFWgo6mGJI1n17nbcvSc6fxVuR3xLNqvXt12JCnEcT8=
github.com/aws/aws-sdk-go-v2/internal/configsources v1.1.10/go.mod h1:F+EZtuIwjlv35kRJPyBGcsA4f7bnSoz15zOQ2lJq1Z4=
github.com/aws/aws-sdk-go-v2/internal/configsources v1.1.12 h1:Zt7DDk5V7SyQULUUwIKzsROtVzp/kVvcz15uQx/Tkow=
github.com/aws/aws-sdk-go-v2/internal/configsources v1.1.12/go.mod h1:Afj/U8svX6sJ77Q+FPWMzabJ9QjbwP32YlopgKALUpg=
github.com/aws/aws-sdk-go-v2/internal/configsources v1.1.14 h1:2C0pYHcUBmdzPj+EKNC4qj97oK6yjrUhc1KoSodglvk=
github.com/aws/aws-sdk-go-v2/internal/configsources v1.1.14/go.mod h1:kdjrMwHwrC3+FsKhNcCMJ7tUVj/8uSD5CZXeQ4wV6fM=
github.com/aws/aws-sdk-go-v2/internal/endpoints/v2 v2.0.2 h1:EauRoYZVNPlidZSZJDscjJBQ22JhVF2+tdteatax2Ak=
github.com/aws/aws-sdk-go-v2/internal/endpoints/v2 v2.0.2/go.mod h1:xT4XX6w5Sa3dhg50JrYyy3e4WPYo/+WjY/BXtqXVunU=
github.com/aws/aws-sdk-go-v2/internal/endpoints/v2 v2.4.4 h1:cnsvEKSoHN4oAN7spMMr0zhEW2MHnhAVpmqQg8E6UcM=
github.com/aws/aws-sdk-go-v2/internal/endpoints/v2 v2.4.4/go.mod h1:8glyUqVIM4AmeenIsPo0oVh3+NUwnsQml2OFupfQW+0=
github.com/aws/aws-sdk-go-v2/internal/endpoints/v2 v2.4.6 h1:eeXdGVtXEe+2Jc49+/vAzna3FAQnUD4AagAw8tzbmfc=
github.com/aws/aws-sdk-go-v2/internal/endpoints/v2 v2.4.6/go.mod h1:FwpAKI+FBPIELJIdmQzlLtRe8LQSOreMcM2wBsPMvvc=
github.com/aws/aws-sdk-go-v2/internal/endpoints/v2 v2.4.8 h1:2J+jdlBJWEmTyAwC82Ym68xCykIvnSnIN18b8xHGlcc=
github.com/aws/aws-sdk-go-v2/internal/endpoints/v2 v2.4.8/go.mod h1:ZIV8GYoC6WLBW5KGs+o4rsc65/ozd+eQ0L31XF5VDwk=
github.com/aws/aws-sdk-go-v2/internal/ini v1.3.2 h1:IQup8Q6lorXeiA/rK72PeToWoWK8h7VAPgHNWdSrtgE=
github.com/aws/aws-sdk-go-v2/internal/ini v1.3.2/go.mod h1:VITe/MdW6EMXPb0o0txu/fsonXbMHUU2OC2Qp7ivU4o=
github.com/aws/aws-sdk-go-v2/internal/ini v1.3.11 h1:6cZRymlLEIlDTEB0+5+An6Zj1CKt6rSE69tOmFeu1nk=
github.com/aws/aws-sdk-go-v2/internal/ini v1.3.11/go.mod h1:0MR+sS1b/yxsfAPvAESrw8NfwUoxMinDyw6EYR9BS2U=
github.com/aws/aws-sdk-go-v2/internal/ini v1.3.13 h1:L/l0WbIpIadRO7i44jZh1/XeXpNDX0sokFppb4ZnXUI=
github.com/aws/aws-sdk-go-v2/internal/ini v1.3.13/go.mod h1:hiM/y1XPp3DoEPhoVEYc/CZcS58dP6RKJRDFp99wdX0=
github.com/aws/aws-sdk-go-v2/internal/ini v1.3.15 h1:QquxR7NH3ULBsKC+NoTpilzbKKS+5AELfNREInbhvas=
github.com/aws/aws-sdk-go-v2/internal/ini v1.3.15/go.mod h1:Tkrthp/0sNBShQQsamR7j/zY4p19tVTAs+nnqhH6R3c=
github.com/aws/aws-sdk-go-v2/internal/v4a v1.0.5 h1:tEEHn+PGAxRVqMPEhtU8oCSW/1Ge3zP5nUgPrGQNUPs=
github.com/aws/aws-sdk-go-v2/internal/v4a v1.0.5/go.mod h1:aIwFF3dUk95ocCcA3zfk3nhz0oLkpzHFWuMp8l/4nNs=
github.com/aws/aws-sdk-go-v2/service/dynamodb v1.11.0 h1:te+nIFwPf5Bi/cZvd9g/+EF0gkJT3c0J/5+NMx0NBZg=
github.com/aws/aws-sdk-go-v2/service/dynamodb v1.11.0/go.mod h1:ELltfl9ri0n4sZ/VjPZBgemNMd9mYIpCAuZhc7NP7l4=
github.com/aws/aws-sdk-go-v2/service/dynamodb v1.15.4 h1:M65DLU8yF7OT8h66B5ULgCdqDx3aq6KZTB2viHozSyM=
github.com/aws/aws-sdk-go-v2/service/dynamodb v1.15.4/go.mod h1:lBz+dFsiLZcTCnIdWKUmNQLGX4CidaQqb706AIJ652M=
github.com/aws/aws-sdk-go-v2/service/dynamodb v1.15.7 h1:Ls6kDGWNr3wxE8JypXgTTonHpQ1eRVCGNqaFHY2UASw=
github.com/aws/aws-sdk-go-v2/service/dynamodb v1.15.7/go.mod h1:+v2jeT4/39fCXUQ0ZfHQHMMiJljnmiuj16F03uAd9DY=
github.com/aws/aws-sdk-go-v2/service/dynamodb v1.15.9 h1:QTPDno4J5TyfpPi3dqCZpD+y7wbHtHhUQwnNGUHUGvg=
github.com/aws/aws-sdk-go-v2/service/dynamodb v1.15.9/go.mod h1:Req/32OLRbXpPX5TxHkwf2Ln9qclJCV6n1S7v0v+FWo=
github.com/aws/aws-sdk-go-v2/service/dynamodbstreams v1.9.0 h1:b5Rb7tW92sRCGLMTUmhY6VPFZpDfE1vrrGtZm8+/1T0=
github.com/aws/aws-sdk-go-v2/service/dynamodbstreams v1.9.0/go.mod h1:RiesWyLiePOOwyT5ySDupQosvbG+OTMv9pws/EhDu4U=
github.com/aws/aws-sdk-go-v2/service/dynamodbstreams v1.13.4 h1:q8C+UWoUI/PWVy/qaA8anr8rNeqdQKmVKN6x8zpj+6o=
github.com/aws/aws-sdk-go-v2/service/dynamodbstreams v1.13.4/go.mod h1:Ldxp5sLfT8Is7fZOIqTJ8oaVoDo+Rxu0xAYhZqnN6y8=
github.com/aws/aws-sdk-go-v2/service/dynamodbstreams v1.13.7 h1:o2HKntJx3vr3y11NK58RA6tYKZKQo5PWWt/bs0rWR0U=
github.com/aws/aws-sdk-go-v2/service/dynamodbstreams v1.13.7/go.mod h1:FAVtDKEl/8WxRDQ33e2fz16RO1t4zeEwWIU5kR29xXs=
github.com/aws/aws-sdk-go-v2/service/dynamodbstreams v1.13.10 h1:g6LsvZX43WE/QlCIngrPyARgLWd0KpH7fIP1VcMZ4uA=
github.com/aws/aws-sdk-go-v2/service/dynamodbstreams v1.13.10/go.mod h1:Meb0gqL2SgBbh3xHtcak5GPJDZ1QGwRcGPEo7w1G2vg=
github.com/aws/aws-sdk-go-v2/service/internal/accept-encoding v1.5.0 h1:lPLbw4Gn59uoKqvOfSnkJr54XWk5Ak1NK20ZEiSWb3U=
github.com/aws/aws-sdk-go-v2/service/internal/accept-encoding v1.5.0/go.mod h1:80NaCIH9YU3rzTTs/J/ECATjXuRqzo/wB6ukO6MZ0XY=
github.com/aws/aws-sdk-go-v2/service/internal/accept-encoding v1.9.1 h1:T4pFel53bkHjL2mMo+4DKE6r6AuoZnM0fg7k1/ratr4=
github.com/aws/aws-sdk-go-v2/service/internal/accept-encoding v1.9.1/go.mod h1:GeUru+8VzrTXV/83XyMJ80KpH8xO89VPoUileyNQ+tc=
github.com/aws/aws-sdk-go-v2/service/internal/accept-encoding v1.9.2 h1:T/ywkX1ed+TsZVQccu/8rRJGxKZF/t0Ivgrb4MHTSeo=
github.com/aws/aws-sdk-go-v2/service/internal/accept-encoding v1.9.2/go.mod h1:RnloUnyZ4KN9JStGY1LuQ7Wzqh7V0f8FinmRdHYtuaA=
github.com/aws/aws-sdk-go-v2/service/internal/accept-encoding v1.9.3 h1:4n4KCtv5SUoT5Er5XV41huuzrCqepxlW3SDI9qHQebc=
github.com/aws/aws-sdk-go-v2/service/internal/accept-encoding v1.9.3/go.mod h1:gkb2qADY+OHaGLKNTYxMaQNacfeyQpZ4csDTQMeFmcw=
github.com/aws/aws-sdk-go-v2/service/internal/checksum v1.1.9 h1:gVv2vXOMqJeR4ZHHV32K7LElIJIIzyw/RU1b0lSfWTQ=
github.com/aws/aws-sdk-go-v2/service/internal/checksum v1.1.9/go.mod h1:EF5RLnD9l0xvEWwMRcktIS/dI6lF8lU5eV3B13k6sWo=
github.com/aws/aws-sdk-go-v2/service/internal/endpoint-discovery v1.3.3 h1:ru9+IpkVIuDvIkm9Q0DEjtWHnh6ITDoZo8fH2dIjlqQ=
github.com/aws/aws-sdk-go-v2/service/internal/endpoint-discovery v1.3.3/go.mod h1:zOyLMYyg60yyZpOCniAUuibWVqTU4TuLmMa/Wh4P+HA=
github.com/aws/aws-sdk-go-v2/service/internal/endpoint-discovery v1.7.4 h1:kkIspXTzCx1Mo8sF/UrzGkb5FmUsAnRy09DCjOKO03g=
github.com/aws/aws-sdk-go-v2/service/internal/endpoint-discovery v1.7.4/go.mod h1:EjdPGnmBHOi9ieyuR9ck5Nguyb32/fdjoxDPVrYWYAA=
github.com/aws/aws-sdk-go-v2/service/internal/endpoint-discovery v1.7.6 h1:JGrc3+kkyr848/wpG2+kWuzHK3H4Fyxj2jnXj8ijQ/Y=
github.com/aws/aws-sdk-go-v2/service/internal/endpoint-discovery v1.7.6/go.mod h1:zwvTysbXES8GDwFcwCPB8NkC+bCdio1abH+E+BRe/xg=
github.com/aws/aws-sdk-go-v2/service/internal/endpoint-discovery v1.7.8 h1:x4I8/XPnHOV+1BzZfaqRb8QfrY6AK7bKmEbHVwyctXo=
github.com/aws/aws-sdk-go-v2/service/internal/endpoint-discovery v1.7.8/go.mod h1:xfchFk5f70DzZZaH/QYaqMLF+PDH/fg7gGbkIeeaMJM=
github.com/aws/aws-sdk-go-v2/service/internal/presigned-url v1.5.2 h1:CKdUNKmuilw/KNmO2Q53Av8u+ZyXMC2M9aX8Z+c/gzg=
github.com/aws/aws-sdk-go-v2/service/internal/presigned-url v1.5.2/go.mod h1:FgR1tCsn8C6+Hf+N5qkfrE4IXvUL1RgW87sunJ+5J4I=
github.com/aws/aws-sdk-go-v2/service/internal/presigned-url v1.9.4 h1:b16QW0XWl0jWjLABFc1A+uh145Oqv+xDcObNk0iQgUk=
github.com/aws/aws-sdk-go-v2/service/internal/presigned-url v1.9.4/go.mod h1:uKkN7qmSIsNJVyMtxNQoCEYMvFEXbOg9fwCJPdfp2u8=
github.com/aws/aws-sdk-go-v2/service/internal/presigned-url v1.9.6 h1:0ZxYAZ1cn7Swi/US55VKciCE6RhRHIwCKIWaMLdT6pg=
github.com/aws/aws-sdk-go-v2/service/internal/presigned-url v1.9.6/go.mod h1:DxAPjquoEHf3rUHh1b9+47RAaXB8/7cB6jkzCt/GOEI=
github.com/aws/aws-sdk-go-v2/service/internal/presigned-url v1.9.8 h1:oKnAXxSF2FUvfgw8uzU/v9OTYorJJZ8eBmWhr9TWVVQ=
github.com/aws/aws-sdk-go-v2/service/internal/presigned-url v1.9.8/go.mod h1:rDVhIMAX9N2r8nWxDUlbubvvaFMnfsm+3jAV7q+rpM4=
github.com/aws/aws-sdk-go-v2/service/internal/s3shared v1.13.8 h1:TlN1UC39A0LUNoD51ubO5h32haznA+oVe15jO9O4Lj0=
github.com/aws/aws-sdk-go-v2/service/internal/s3shared v1.13.8/go.mod h1:JlVwmWtT/1c5W+6oUsjXjAJ0iJZ+hlghdrDy/8JxGCU=
github.com/aws/aws-sdk-go-v2/service/s3 v1.27.1 h1:OKQIQ0QhEBmGr2LfT952meIZz3ujrPYnxH+dO/5ldnI=
github.com/aws/aws-sdk-go-v2/service/s3 v1.27.1/go.mod h1:NffjpNsMUFXp6Ok/PahrktAncoekWrywvmIK83Q2raE=
github.com/aws/aws-sdk-go-v2/service/sso v1.7.0 h1:E4fxAg/UE8a6yiLZYv8/EP0uXKPPRImiMau4ift6S/g=
github.com/aws/aws-sdk-go-v2/service/sso v1.7.0/go.mod h1:KnIpszaIdwI33tmc/W/GGXyn22c1USYxA/2KyvoeDY0=
github.com/aws/aws-sdk-go-v2/service/sso v1.11.4 h1:Uw5wBybFQ1UeA9ts0Y07gbv0ncZnIAyw858tDW0NP2o=
github.com/aws/aws-sdk-go-v2/service/sso v1.11.4/go.mod h1:cPDwJwsP4Kff9mldCXAmddjJL6JGQqtA3Mzer2zyr88=
github.com/aws/aws-sdk-go-v2/service/sso v1.11.9 h1:Gju1UO3E8ceuoYc/AHcdXLuTZ0WGE1PT2BYDwcYhJg8=
github.com/aws/aws-sdk-go-v2/service/sso v1.11.9/go.mod h1:UqRD9bBt15P0ofRyDZX6CfsIqPpzeHOhZKWzgSuAzpo=
github.com/aws/aws-sdk-go-v2/service/sso v1.11.12 h1:760bUnTX/+d693FT6T6Oa7PZHfEQT9XMFZeM5IQIB0A=
github.com/aws/aws-sdk-go-v2/service/sso v1.11.12/go.mod h1:MO4qguFjs3wPGcCSpQ7kOFTwRvb+eu+fn+1vKleGHUk=
github.com/aws/aws-sdk-go-v2/service/sts v1.12.0 h1:7g0252k2TF3eA1DtfkTQB/tqI41YvbUPaolwTR0/ITc=
github.com/aws/aws-sdk-go-v2/service/sts v1.12.0/go.mod h1:UV2N5HaPfdbDpkgkz4sRzWCvQswZjdO1FfqCWl0t7RA=
github.com/aws/aws-sdk-go-v2/service/sts v1.16.4 h1:+xtV90n3abQmgzk1pS++FdxZTrPEDgQng6e4/56WR2A=
github.com/aws/aws-sdk-go-v2/service/sts v1.16.4/go.mod h1:lfSYenAXtavyX2A1LsViglqlG9eEFYxNryTZS5rn3QE=
github.com/aws/aws-sdk-go-v2/service/sts v1.16.7 h1:HLzjwQM9975FQWSF3uENDGHT1gFQm/q3QXu2BYIcI08=
github.com/aws/aws-sdk-go-v2/service/sts v1.16.7/go.mod h1:lVxTdiiSHY3jb1aeg+BBFtDzZGSUCv6qaNOyEGCJ1AY=
github.com/aws/aws-sdk-go-v2/service/sts v1.16.9 h1:yOfILxyjmtr2ubRkRJldlHDFBhf5vw4CzhbwWIBmimQ=
github.com/aws/aws-sdk-go-v2/service/sts v1.16.9/go.mod h1:O1IvkYxr+39hRf960Us6j0x1P8pDqhTX+oXM5kQNl/Y=
github.com/aws/smithy-go v1.9.0 h1:c7FUdEqrQA1/UVKKCNDFQPNKGp4FQg3YW4Ck5SLTG58=
github.com/aws/smithy-go v1.9.0/go.mod h1:SObp3lf9smib00L/v3U2eAKG8FyQ7iLrJnQiAmR5n+E=
github.com/aws/smithy-go v1.11.2 h1:eG/N+CcUMAvsdffgMvjMKwfyDzIkjM6pfxMJ8Mzc6mE=
github.com/aws/smithy-go v1.11.2/go.mod h1:3xHYmszWVx2c0kIwQeEVf9uSm4fYZt67FBJnwub1bgM=
github.com/aws/smithy-go v1.11.3 h1:DQixirEFM9IaKxX1olZ3ke3nvxRS2xMDteKIDWxozW8=
github.com/aws/smithy-go v1.11.3/go.mod h1:Tg+OJXh4MB2R/uN61Ko2f6hTZwB/ZYGOtib8J3gBHzA=
github.com/aws/smithy-go v1.12.0 h1:gXpeZel/jPoWQ7OEmLIgCUnhkFftqNfwWUwAHSlp1v0=
github.com/aws/smithy-go v1.12.0/go.mod h1:Tg+OJXh4MB2R/uN61Ko2f6hTZwB/ZYGOtib8J3gBHzA=
github.com/cpuguy83/go-md2man/v2 v2.0.0-20190314233015-f79a8a8ca69d/go.mod h1:maD7wRr/U5Z6m/iR4s+kqSMx2CaBsrgA7czyZG/E6dU=
github.com/cpuguy83/go-md2man/v2 v2.0.0/go.mod h1:maD7wRr/U5Z6m/iR4s+kqSMx2CaBsrgA7czyZG/E6dU=
github.com/davecgh/go-spew v1.1.0/go.mod h1:J7Y8YcW2NihsgmVo/mv3lAwl/skON4iLHjSsI+c5H38=
github.com/davecgh/go-spew v1.1.1 h1:vj9j/u1bqnvCEfJOwUhtlOARqs3+rkHYY13jYWTU97c=
github.com/davecgh/go-spew v1.1.1/go.mod h1:J7Y8YcW2NihsgmVo/mv3lAwl/skON4iLHjSsI+c5H38=
github.com/google/go-cmp v0.5.4/go.mod h1:v8dTdLbMG2kIc/vJvl+f65V22dbkXbowE6jgT/gNBxE=
github.com/google/go-cmp v0.5.6 h1:BKbKCqvP6I+rmFHt06ZmyQtvB8xAkWdhFyr0ZUNZcxQ=
github.com/google/go-cmp v0.5.6/go.mod h1:v8dTdLbMG2kIc/vJvl+f65V22dbkXbowE6jgT/gNBxE=
github.com/google/go-cmp v0.5.7/go.mod h1:n+brtR0CgQNWTVd5ZUFpTBC8YFBDLK/h/bpaJ8/DtOE=
github.com/google/go-cmp v0.5.8/go.mod h1:17dUlkBOakJ0+DkrSSNjCkIjxS6bF9zb3elmeNGIjoY=
github.com/google/uuid v1.3.0 h1:t6JiXgmwXMjEs8VusXIJk2BXHsn+wx8BZdTaoZ5fu7I=
github.com/google/uuid v1.3.0/go.mod h1:TIyPZe4MgqvfeYDBFedMoGGpEw/LqOeaOT+nhxU+yHo=
github.com/jmespath/go-jmespath v0.4.0 h1:BEgLn5cpjn8UN1mAw4NjwDrS35OdebyEtFe+9YPoQUg=
github.com/jmespath/go-jmespath v0.4.0/go.mod h1:T8mJZnbsbmF+m6zOOFylbeCJqk5+pHWvzYPziyZiYoo=
github.com/jmespath/go-jmespath/internal/testify v1.5.1 h1:shLQSRRSCCPj3f2gpwzGwWFoC7ycTf1rcQZHOlsJ6N8=
github.com/jmespath/go-jmespath/internal/testify v1.5.1/go.mod h1:L3OGu8Wl2/fWfCI6z80xFu9LTZmf1ZRjMHUOPmWr69U=
github.com/juju/ratelimit v1.0.1 h1:+7AIFJVQ0EQgq/K9+0Krm7m530Du7tIz0METWzN0RgY=
github.com/juju/ratelimit v1.0.1/go.mod h1:qapgC/Gy+xNh9UxzV13HGGl/6UXNN+ct+vwSgWNm/qk=
github.com/juju/ratelimit v1.0.2 h1:sRxmtRiajbvrcLQT7S+JbqU0ntsb9W2yhSdNN8tWfaI=
github.com/juju/ratelimit v1.0.2/go.mod h1:qapgC/Gy+xNh9UxzV13HGGl/6UXNN+ct+vwSgWNm/qk=
github.com/pkg/errors v0.9.1 h1:FEBLx1zS214owpjy7qsBeixbURkuhQAwrK5UwLGTwt4=
github.com/pkg/errors v0.9.1/go.mod h1:bwawxfHBFNV+L2hUp1rHADufV3IMtnDRdf1r5NINEl0=
github.com/pmezard/go-difflib v1.0.0 h1:4DBwDE0NGyQoBHbLQYPwSUPoCMWR5BEzIk/f1lZbAQM=
github.com/pmezard/go-difflib v1.0.0/go.mod h1:iKH77koFhYxTK1pcRnkKkqfTogsbg7gZNVY4sRDYZ/4=
github.com/russross/blackfriday/v2 v2.0.1/go.mod h1:+Rmxgy9KzJVeS9/2gXHxylqXiyQDYRxCVz55jmeOWTM=
github.com/shurcooL/sanitized_anchor_name v1.0.0/go.mod h1:1NzhyTcUVG4SuEtjjoZeVRXNmyL/1OwPU0+IJeTBvfc=
github.com/stretchr/objx v0.1.0/go.mod h1:HFkY916IF+rwdDfMAkV7OtwuqBVzrE8GR6GFx+wExME=
github.com/stretchr/testify v1.6.1 h1:hDPOHmpOpP40lSULcqw7IrRb/u7w6RpDC9399XyoNd0=
github.com/stretchr/testify v1.6.1/go.mod h1:6Fq8oRcR53rry900zMqJjRRixrwX3KX962/h/Wwjteg=
github.com/stretchr/testify v1.7.2 h1:4jaiDzPyXQvSd7D0EjG45355tLlV3VOECpq10pLC+8s=
github.com/stretchr/testify v1.7.2/go.mod h1:R6va5+xMeoiuVRoj+gSkQ7d3FALtqAAGI1FQKckRals=
github.com/urfave/cli/v2 v2.2.0/go.mod h1:SE9GqnLQmjVa0iPEY0f1w3ygNIYcIJ0OKPMoW2caLfQ=
golang.org/x/xerrors v0.0.0-20191204190536-9bdfabe68543 h1:E7g+9GITq07hpfrRu66IVDexMakfv52eLZ2CXBWiKr4=
golang.org/x/xerrors v0.0.0-20191204190536-9bdfabe68543/go.mod h1:I/5z698sn9Ka8TeJc9MKroUUfqBBauWjQqLJ2OPfmY0=
gopkg.in/check.v1 v0.0.0-20161208181325-20d25e280405 h1:yhCVgyC4o1eVCa2tZl7eS0r+SDo693bJlVdllGtEeKM=
gopkg.in/check.v1 v0.0.0-20161208181325-20d25e280405/go.mod h1:Co6ibVJAznAaIkqp8huTwlJQCZ016jof/cbN4VW5Yz0=
gopkg.in/yaml.v2 v2.2.2/go.mod h1:hI93XBmqTisBFMUTm0b8Fm+jr3Dg1NNxqwp+5A1VGuI=
gopkg.in/yaml.v2 v2.2.8 h1:obN1ZagJSUGI0Ek/LBmuj4SNLPfIny3KsKFopxRdj10=
gopkg.in/yaml.v2 v2.2.8/go.mod h1:hI93XBmqTisBFMUTm0b8Fm+jr3Dg1NNxqwp+5A1VGuI=
gopkg.in/yaml.v3 v3.0.0-20200313102051-9f266ea9e77c/go.mod h1:K4uyk7z7BCEPqu6E+C64Yfv1cQ7kz7rIZviUmN+EgEM=
gopkg.in/yaml.v3 v3.0.0-20200615113413-eeeca48fe776 h1:tQIYjPdBoyREyB9XMu+nnTclpTYkz2zFM+lzLJFO4gQ=
gopkg.in/yaml.v3 v3.0.0-20200615113413-eeeca48fe776/go.mod h1:K4uyk7z7BCEPqu6E+C64Yfv1cQ7kz7rIZviUmN+EgEM=
gopkg.in/yaml.v3 v3.0.1/go.mod h1:K4uyk7z7BCEPqu6E+C64Yfv1cQ7kz7rIZviUmN+EgEM=
